// !$*UTF8*$!
{
	archiveVersion = 1;
	classes = {
	};
	objectVersion = 50;
	objects = {

/* Begin PBXBuildFile section */
		989ECE49252B1C0E004216D2 /* AppDelegate.swift in Sources */ = {isa = PBXBuildFile; fileRef = 989ECE48252B1C0E004216D2 /* AppDelegate.swift */; };
		989ECE4B252B1C0E004216D2 /* SceneDelegate.swift in Sources */ = {isa = PBXBuildFile; fileRef = 989ECE4A252B1C0E004216D2 /* SceneDelegate.swift */; };
		989ECE4D252B1C0E004216D2 /* ViewController.swift in Sources */ = {isa = PBXBuildFile; fileRef = 989ECE4C252B1C0E004216D2 /* ViewController.swift */; };
		989ECE52252B1C0F004216D2 /* Assets.xcassets in Resources */ = {isa = PBXBuildFile; fileRef = 989ECE51252B1C0F004216D2 /* Assets.xcassets */; };
		989ECE55252B1C0F004216D2 /* LaunchScreen.storyboard in Resources */ = {isa = PBXBuildFile; fileRef = 989ECE53252B1C0F004216D2 /* LaunchScreen.storyboard */; };
		989ECE60252B1C0F004216D2 /* autolayoutHWTests.swift in Sources */ = {isa = PBXBuildFile; fileRef = 989ECE5F252B1C0F004216D2 /* autolayoutHWTests.swift */; };
		989ECE6B252B1C0F004216D2 /* autolayoutHWUITests.swift in Sources */ = {isa = PBXBuildFile; fileRef = 989ECE6A252B1C0F004216D2 /* autolayoutHWUITests.swift */; };
		989ECE80252B1C2E004216D2 /* Main.storyboard in Resources */ = {isa = PBXBuildFile; fileRef = 989ECE7E252B1C2E004216D2 /* Main.storyboard */; };
		989ECE85252B1DF5004216D2 /* GreenViewController.swift in Sources */ = {isa = PBXBuildFile; fileRef = 989ECE84252B1DF5004216D2 /* GreenViewController.swift */; };
/* End PBXBuildFile section */

/* Begin PBXContainerItemProxy section */
		989ECE5C252B1C0F004216D2 /* PBXContainerItemProxy */ = {
			isa = PBXContainerItemProxy;
			containerPortal = 989ECE3D252B1C0E004216D2 /* Project object */;
			proxyType = 1;
			remoteGlobalIDString = 989ECE44252B1C0E004216D2;
			remoteInfo = autolayoutHW;
		};
		989ECE67252B1C0F004216D2 /* PBXContainerItemProxy */ = {
			isa = PBXContainerItemProxy;
			containerPortal = 989ECE3D252B1C0E004216D2 /* Project object */;
			proxyType = 1;
			remoteGlobalIDString = 989ECE44252B1C0E004216D2;
			remoteInfo = autolayoutHW;
		};
/* End PBXContainerItemProxy section */

/* Begin PBXFileReference section */
		989ECE45252B1C0E004216D2 /* autolayoutHW.app */ = {isa = PBXFileReference; explicitFileType = wrapper.application; includeInIndex = 0; path = autolayoutHW.app; sourceTree = BUILT_PRODUCTS_DIR; };
		989ECE48252B1C0E004216D2 /* AppDelegate.swift */ = {isa = PBXFileReference; lastKnownFileType = sourcecode.swift; path = AppDelegate.swift; sourceTree = "<group>"; };
		989ECE4A252B1C0E004216D2 /* SceneDelegate.swift */ = {isa = PBXFileReference; lastKnownFileType = sourcecode.swift; path = SceneDelegate.swift; sourceTree = "<group>"; };
		989ECE4C252B1C0E004216D2 /* ViewController.swift */ = {isa = PBXFileReference; lastKnownFileType = sourcecode.swift; path = ViewController.swift; sourceTree = "<group>"; };
		989ECE51252B1C0F004216D2 /* Assets.xcassets */ = {isa = PBXFileReference; lastKnownFileType = folder.assetcatalog; path = Assets.xcassets; sourceTree = "<group>"; };
		989ECE54252B1C0F004216D2 /* Base */ = {isa = PBXFileReference; lastKnownFileType = file.storyboard; name = Base; path = Base.lproj/LaunchScreen.storyboard; sourceTree = "<group>"; };
		989ECE56252B1C0F004216D2 /* Info.plist */ = {isa = PBXFileReference; lastKnownFileType = text.plist.xml; path = Info.plist; sourceTree = "<group>"; };
		989ECE5B252B1C0F004216D2 /* autolayoutHWTests.xctest */ = {isa = PBXFileReference; explicitFileType = wrapper.cfbundle; includeInIndex = 0; path = autolayoutHWTests.xctest; sourceTree = BUILT_PRODUCTS_DIR; };
		989ECE5F252B1C0F004216D2 /* autolayoutHWTests.swift */ = {isa = PBXFileReference; lastKnownFileType = sourcecode.swift; path = autolayoutHWTests.swift; sourceTree = "<group>"; };
		989ECE61252B1C0F004216D2 /* Info.plist */ = {isa = PBXFileReference; lastKnownFileType = text.plist.xml; path = Info.plist; sourceTree = "<group>"; };
		989ECE66252B1C0F004216D2 /* autolayoutHWUITests.xctest */ = {isa = PBXFileReference; explicitFileType = wrapper.cfbundle; includeInIndex = 0; path = autolayoutHWUITests.xctest; sourceTree = BUILT_PRODUCTS_DIR; };
		989ECE6A252B1C0F004216D2 /* autolayoutHWUITests.swift */ = {isa = PBXFileReference; lastKnownFileType = sourcecode.swift; path = autolayoutHWUITests.swift; sourceTree = "<group>"; };
		989ECE6C252B1C0F004216D2 /* Info.plist */ = {isa = PBXFileReference; lastKnownFileType = text.plist.xml; path = Info.plist; sourceTree = "<group>"; };
		989ECE7F252B1C2E004216D2 /* Base */ = {isa = PBXFileReference; lastKnownFileType = file.storyboard; name = Base; path = "../../../Library/Mobile Documents/com~apple~CloudDocs/.Trash/HW 2/Base.lproj/Main.storyboard"; sourceTree = "<group>"; };
		989ECE84252B1DF5004216D2 /* GreenViewController.swift */ = {isa = PBXFileReference; lastKnownFileType = sourcecode.swift; path = GreenViewController.swift; sourceTree = "<group>"; };
/* End PBXFileReference section */

/* Begin PBXFrameworksBuildPhase section */
		989ECE42252B1C0E004216D2 /* Frameworks */ = {
			isa = PBXFrameworksBuildPhase;
			buildActionMask = 2147483647;
			files = (
			);
			runOnlyForDeploymentPostprocessing = 0;
		};
		989ECE58252B1C0F004216D2 /* Frameworks */ = {
			isa = PBXFrameworksBuildPhase;
			buildActionMask = 2147483647;
			files = (
			);
			runOnlyForDeploymentPostprocessing = 0;
		};
		989ECE63252B1C0F004216D2 /* Frameworks */ = {
			isa = PBXFrameworksBuildPhase;
			buildActionMask = 2147483647;
			files = (
			);
			runOnlyForDeploymentPostprocessing = 0;
		};
/* End PBXFrameworksBuildPhase section */

/* Begin PBXGroup section */
		989ECE3C252B1C0E004216D2 = {
			isa = PBXGroup;
			children = (
				989ECE47252B1C0E004216D2 /* autolayoutHW */,
				989ECE5E252B1C0F004216D2 /* autolayoutHWTests */,
				989ECE69252B1C0F004216D2 /* autolayoutHWUITests */,
				989ECE46252B1C0E004216D2 /* Products */,
			);
			sourceTree = "<group>";
		};
		989ECE46252B1C0E004216D2 /* Products */ = {
			isa = PBXGroup;
			children = (
				989ECE45252B1C0E004216D2 /* autolayoutHW.app */,
				989ECE5B252B1C0F004216D2 /* autolayoutHWTests.xctest */,
				989ECE66252B1C0F004216D2 /* autolayoutHWUITests.xctest */,
			);
			name = Products;
			sourceTree = "<group>";
		};
		989ECE47252B1C0E004216D2 /* autolayoutHW */ = {
			isa = PBXGroup;
			children = (
				989ECE48252B1C0E004216D2 /* AppDelegate.swift */,
				989ECE4A252B1C0E004216D2 /* SceneDelegate.swift */,
				989ECE4C252B1C0E004216D2 /* ViewController.swift */,
				989ECE84252B1DF5004216D2 /* GreenViewController.swift */,
				989ECE7E252B1C2E004216D2 /* Main.storyboard */,
				989ECE51252B1C0F004216D2 /* Assets.xcassets */,
				989ECE53252B1C0F004216D2 /* LaunchScreen.storyboard */,
				989ECE56252B1C0F004216D2 /* Info.plist */,
			);
			path = autolayoutHW;
			sourceTree = "<group>";
		};
		989ECE5E252B1C0F004216D2 /* autolayoutHWTests */ = {
			isa = PBXGroup;
			children = (
				989ECE5F252B1C0F004216D2 /* autolayoutHWTests.swift */,
				989ECE61252B1C0F004216D2 /* Info.plist */,
			);
			path = autolayoutHWTests;
			sourceTree = "<group>";
		};
		989ECE69252B1C0F004216D2 /* autolayoutHWUITests */ = {
			isa = PBXGroup;
			children = (
				989ECE6A252B1C0F004216D2 /* autolayoutHWUITests.swift */,
				989ECE6C252B1C0F004216D2 /* Info.plist */,
			);
			path = autolayoutHWUITests;
			sourceTree = "<group>";
		};
/* End PBXGroup section */

/* Begin PBXNativeTarget section */
		989ECE44252B1C0E004216D2 /* autolayoutHW */ = {
			isa = PBXNativeTarget;
			buildConfigurationList = 989ECE6F252B1C0F004216D2 /* Build configuration list for PBXNativeTarget "autolayoutHW" */;
			buildPhases = (
				989ECE41252B1C0E004216D2 /* Sources */,
				989ECE42252B1C0E004216D2 /* Frameworks */,
				989ECE43252B1C0E004216D2 /* Resources */,
			);
			buildRules = (
			);
			dependencies = (
			);
			name = autolayoutHW;
			productName = autolayoutHW;
			productReference = 989ECE45252B1C0E004216D2 /* autolayoutHW.app */;
			productType = "com.apple.product-type.application";
		};
		989ECE5A252B1C0F004216D2 /* autolayoutHWTests */ = {
			isa = PBXNativeTarget;
			buildConfigurationList = 989ECE72252B1C0F004216D2 /* Build configuration list for PBXNativeTarget "autolayoutHWTests" */;
			buildPhases = (
				989ECE57252B1C0F004216D2 /* Sources */,
				989ECE58252B1C0F004216D2 /* Frameworks */,
				989ECE59252B1C0F004216D2 /* Resources */,
			);
			buildRules = (
			);
			dependencies = (
				989ECE5D252B1C0F004216D2 /* PBXTargetDependency */,
			);
			name = autolayoutHWTests;
			productName = autolayoutHWTests;
			productReference = 989ECE5B252B1C0F004216D2 /* autolayoutHWTests.xctest */;
			productType = "com.apple.product-type.bundle.unit-test";
		};
		989ECE65252B1C0F004216D2 /* autolayoutHWUITests */ = {
			isa = PBXNativeTarget;
			buildConfigurationList = 989ECE75252B1C0F004216D2 /* Build configuration list for PBXNativeTarget "autolayoutHWUITests" */;
			buildPhases = (
				989ECE62252B1C0F004216D2 /* Sources */,
				989ECE63252B1C0F004216D2 /* Frameworks */,
				989ECE64252B1C0F004216D2 /* Resources */,
			);
			buildRules = (
			);
			dependencies = (
				989ECE68252B1C0F004216D2 /* PBXTargetDependency */,
			);
			name = autolayoutHWUITests;
			productName = autolayoutHWUITests;
			productReference = 989ECE66252B1C0F004216D2 /* autolayoutHWUITests.xctest */;
			productType = "com.apple.product-type.bundle.ui-testing";
		};
/* End PBXNativeTarget section */

/* Begin PBXProject section */
		989ECE3D252B1C0E004216D2 /* Project object */ = {
			isa = PBXProject;
			attributes = {
				LastSwiftUpdateCheck = 1200;
				LastUpgradeCheck = 1200;
				TargetAttributes = {
					989ECE44252B1C0E004216D2 = {
						CreatedOnToolsVersion = 12.0.1;
					};
					989ECE5A252B1C0F004216D2 = {
						CreatedOnToolsVersion = 12.0.1;
						TestTargetID = 989ECE44252B1C0E004216D2;
					};
					989ECE65252B1C0F004216D2 = {
						CreatedOnToolsVersion = 12.0.1;
						TestTargetID = 989ECE44252B1C0E004216D2;
					};
				};
			};
			buildConfigurationList = 989ECE40252B1C0E004216D2 /* Build configuration list for PBXProject "autolayoutHW" */;
			compatibilityVersion = "Xcode 9.3";
			developmentRegion = en;
			hasScannedForEncodings = 0;
			knownRegions = (
				en,
				Base,
			);
			mainGroup = 989ECE3C252B1C0E004216D2;
			productRefGroup = 989ECE46252B1C0E004216D2 /* Products */;
			projectDirPath = "";
			projectRoot = "";
			targets = (
				989ECE44252B1C0E004216D2 /* autolayoutHW */,
				989ECE5A252B1C0F004216D2 /* autolayoutHWTests */,
				989ECE65252B1C0F004216D2 /* autolayoutHWUITests */,
			);
		};
/* End PBXProject section */

/* Begin PBXResourcesBuildPhase section */
		989ECE43252B1C0E004216D2 /* Resources */ = {
			isa = PBXResourcesBuildPhase;
			buildActionMask = 2147483647;
			files = (
				989ECE80252B1C2E004216D2 /* Main.storyboard in Resources */,
				989ECE55252B1C0F004216D2 /* LaunchScreen.storyboard in Resources */,
				989ECE52252B1C0F004216D2 /* Assets.xcassets in Resources */,
			);
			runOnlyForDeploymentPostprocessing = 0;
		};
		989ECE59252B1C0F004216D2 /* Resources */ = {
			isa = PBXResourcesBuildPhase;
			buildActionMask = 2147483647;
			files = (
			);
			runOnlyForDeploymentPostprocessing = 0;
		};
		989ECE64252B1C0F004216D2 /* Resources */ = {
			isa = PBXResourcesBuildPhase;
			buildActionMask = 2147483647;
			files = (
			);
			runOnlyForDeploymentPostprocessing = 0;
		};
/* End PBXResourcesBuildPhase section */

/* Begin PBXSourcesBuildPhase section */
		989ECE41252B1C0E004216D2 /* Sources */ = {
			isa = PBXSourcesBuildPhase;
			buildActionMask = 2147483647;
			files = (
				989ECE85252B1DF5004216D2 /* GreenViewController.swift in Sources */,
				989ECE4D252B1C0E004216D2 /* ViewController.swift in Sources */,
				989ECE49252B1C0E004216D2 /* AppDelegate.swift in Sources */,
				989ECE4B252B1C0E004216D2 /* SceneDelegate.swift in Sources */,
			);
			runOnlyForDeploymentPostprocessing = 0;
		};
		989ECE57252B1C0F004216D2 /* Sources */ = {
			isa = PBXSourcesBuildPhase;
			buildActionMask = 2147483647;
			files = (
				989ECE60252B1C0F004216D2 /* autolayoutHWTests.swift in Sources */,
			);
			runOnlyForDeploymentPostprocessing = 0;
		};
		989ECE62252B1C0F004216D2 /* Sources */ = {
			isa = PBXSourcesBuildPhase;
			buildActionMask = 2147483647;
			files = (
				989ECE6B252B1C0F004216D2 /* autolayoutHWUITests.swift in Sources */,
			);
			runOnlyForDeploymentPostprocessing = 0;
		};
/* End PBXSourcesBuildPhase section */

/* Begin PBXTargetDependency section */
		989ECE5D252B1C0F004216D2 /* PBXTargetDependency */ = {
			isa = PBXTargetDependency;
			target = 989ECE44252B1C0E004216D2 /* autolayoutHW */;
			targetProxy = 989ECE5C252B1C0F004216D2 /* PBXContainerItemProxy */;
		};
		989ECE68252B1C0F004216D2 /* PBXTargetDependency */ = {
			isa = PBXTargetDependency;
			target = 989ECE44252B1C0E004216D2 /* autolayoutHW */;
			targetProxy = 989ECE67252B1C0F004216D2 /* PBXContainerItemProxy */;
		};
/* End PBXTargetDependency section */

/* Begin PBXVariantGroup section */
		989ECE53252B1C0F004216D2 /* LaunchScreen.storyboard */ = {
			isa = PBXVariantGroup;
			children = (
				989ECE54252B1C0F004216D2 /* Base */,
			);
			name = LaunchScreen.storyboard;
			sourceTree = "<group>";
		};
		989ECE7E252B1C2E004216D2 /* Main.storyboard */ = {
			isa = PBXVariantGroup;
			children = (
				989ECE7F252B1C2E004216D2 /* Base */,
			);
			name = Main.storyboard;
			sourceTree = "<group>";
		};
/* End PBXVariantGroup section */

/* Begin XCBuildConfiguration section */
		989ECE6D252B1C0F004216D2 /* Debug */ = {
			isa = XCBuildConfiguration;
			buildSettings = {
				ALWAYS_SEARCH_USER_PATHS = NO;
				CLANG_ANALYZER_NONNULL = YES;
				CLANG_ANALYZER_NUMBER_OBJECT_CONVERSION = YES_AGGRESSIVE;
				CLANG_CXX_LANGUAGE_STANDARD = "gnu++14";
				CLANG_CXX_LIBRARY = "libc++";
				CLANG_ENABLE_MODULES = YES;
				CLANG_ENABLE_OBJC_ARC = YES;
				CLANG_ENABLE_OBJC_WEAK = YES;
				CLANG_WARN_BLOCK_CAPTURE_AUTORELEASING = YES;
				CLANG_WARN_BOOL_CONVERSION = YES;
				CLANG_WARN_COMMA = YES;
				CLANG_WARN_CONSTANT_CONVERSION = YES;
				CLANG_WARN_DEPRECATED_OBJC_IMPLEMENTATIONS = YES;
				CLANG_WARN_DIRECT_OBJC_ISA_USAGE = YES_ERROR;
				CLANG_WARN_DOCUMENTATION_COMMENTS = YES;
				CLANG_WARN_EMPTY_BODY = YES;
				CLANG_WARN_ENUM_CONVERSION = YES;
				CLANG_WARN_INFINITE_RECURSION = YES;
				CLANG_WARN_INT_CONVERSION = YES;
				CLANG_WARN_NON_LITERAL_NULL_CONVERSION = YES;
				CLANG_WARN_OBJC_IMPLICIT_RETAIN_SELF = YES;
				CLANG_WARN_OBJC_LITERAL_CONVERSION = YES;
				CLANG_WARN_OBJC_ROOT_CLASS = YES_ERROR;
				CLANG_WARN_QUOTED_INCLUDE_IN_FRAMEWORK_HEADER = YES;
				CLANG_WARN_RANGE_LOOP_ANALYSIS = YES;
				CLANG_WARN_STRICT_PROTOTYPES = YES;
				CLANG_WARN_SUSPICIOUS_MOVE = YES;
				CLANG_WARN_UNGUARDED_AVAILABILITY = YES_AGGRESSIVE;
				CLANG_WARN_UNREACHABLE_CODE = YES;
				CLANG_WARN__DUPLICATE_METHOD_MATCH = YES;
				COPY_PHASE_STRIP = NO;
				DEBUG_INFORMATION_FORMAT = dwarf;
				ENABLE_STRICT_OBJC_MSGSEND = YES;
				ENABLE_TESTABILITY = YES;
				GCC_C_LANGUAGE_STANDARD = gnu11;
				GCC_DYNAMIC_NO_PIC = NO;
				GCC_NO_COMMON_BLOCKS = YES;
				GCC_OPTIMIZATION_LEVEL = 0;
				GCC_PREPROCESSOR_DEFINITIONS = (
					"DEBUG=1",
					"$(inherited)",
				);
				GCC_WARN_64_TO_32_BIT_CONVERSION = YES;
				GCC_WARN_ABOUT_RETURN_TYPE = YES_ERROR;
				GCC_WARN_UNDECLARED_SELECTOR = YES;
				GCC_WARN_UNINITIALIZED_AUTOS = YES_AGGRESSIVE;
				GCC_WARN_UNUSED_FUNCTION = YES;
				GCC_WARN_UNUSED_VARIABLE = YES;
				IPHONEOS_DEPLOYMENT_TARGET = 14.0;
				MTL_ENABLE_DEBUG_INFO = INCLUDE_SOURCE;
				MTL_FAST_MATH = YES;
				ONLY_ACTIVE_ARCH = YES;
				SDKROOT = iphoneos;
				SWIFT_ACTIVE_COMPILATION_CONDITIONS = DEBUG;
				SWIFT_OPTIMIZATION_LEVEL = "-Onone";
			};
			name = Debug;
		};
		989ECE6E252B1C0F004216D2 /* Release */ = {
			isa = XCBuildConfiguration;
			buildSettings = {
				ALWAYS_SEARCH_USER_PATHS = NO;
				CLANG_ANALYZER_NONNULL = YES;
				CLANG_ANALYZER_NUMBER_OBJECT_CONVERSION = YES_AGGRESSIVE;
				CLANG_CXX_LANGUAGE_STANDARD = "gnu++14";
				CLANG_CXX_LIBRARY = "libc++";
				CLANG_ENABLE_MODULES = YES;
				CLANG_ENABLE_OBJC_ARC = YES;
				CLANG_ENABLE_OBJC_WEAK = YES;
				CLANG_WARN_BLOCK_CAPTURE_AUTORELEASING = YES;
				CLANG_WARN_BOOL_CONVERSION = YES;
				CLANG_WARN_COMMA = YES;
				CLANG_WARN_CONSTANT_CONVERSION = YES;
				CLANG_WARN_DEPRECATED_OBJC_IMPLEMENTATIONS = YES;
				CLANG_WARN_DIRECT_OBJC_ISA_USAGE = YES_ERROR;
				CLANG_WARN_DOCUMENTATION_COMMENTS = YES;
				CLANG_WARN_EMPTY_BODY = YES;
				CLANG_WARN_ENUM_CONVERSION = YES;
				CLANG_WARN_INFINITE_RECURSION = YES;
				CLANG_WARN_INT_CONVERSION = YES;
				CLANG_WARN_NON_LITERAL_NULL_CONVERSION = YES;
				CLANG_WARN_OBJC_IMPLICIT_RETAIN_SELF = YES;
				CLANG_WARN_OBJC_LITERAL_CONVERSION = YES;
				CLANG_WARN_OBJC_ROOT_CLASS = YES_ERROR;
				CLANG_WARN_QUOTED_INCLUDE_IN_FRAMEWORK_HEADER = YES;
				CLANG_WARN_RANGE_LOOP_ANALYSIS = YES;
				CLANG_WARN_STRICT_PROTOTYPES = YES;
				CLANG_WARN_SUSPICIOUS_MOVE = YES;
				CLANG_WARN_UNGUARDED_AVAILABILITY = YES_AGGRESSIVE;
				CLANG_WARN_UNREACHABLE_CODE = YES;
				CLANG_WARN__DUPLICATE_METHOD_MATCH = YES;
				COPY_PHASE_STRIP = NO;
				DEBUG_INFORMATION_FORMAT = "dwarf-with-dsym";
				ENABLE_NS_ASSERTIONS = NO;
				ENABLE_STRICT_OBJC_MSGSEND = YES;
				GCC_C_LANGUAGE_STANDARD = gnu11;
				GCC_NO_COMMON_BLOCKS = YES;
				GCC_WARN_64_TO_32_BIT_CONVERSION = YES;
				GCC_WARN_ABOUT_RETURN_TYPE = YES_ERROR;
				GCC_WARN_UNDECLARED_SELECTOR = YES;
				GCC_WARN_UNINITIALIZED_AUTOS = YES_AGGRESSIVE;
				GCC_WARN_UNUSED_FUNCTION = YES;
				GCC_WARN_UNUSED_VARIABLE = YES;
				IPHONEOS_DEPLOYMENT_TARGET = 14.0;
				MTL_ENABLE_DEBUG_INFO = NO;
				MTL_FAST_MATH = YES;
				SDKROOT = iphoneos;
				SWIFT_COMPILATION_MODE = wholemodule;
				SWIFT_OPTIMIZATION_LEVEL = "-O";
				VALIDATE_PRODUCT = YES;
			};
			name = Release;
		};
		989ECE70252B1C0F004216D2 /* Debug */ = {
			isa = XCBuildConfiguration;
			buildSettings = {
				ASSETCATALOG_COMPILER_APPICON_NAME = AppIcon;
				ASSETCATALOG_COMPILER_GLOBAL_ACCENT_COLOR_NAME = AccentColor;
				CODE_SIGN_STYLE = Automatic;
				DEVELOPMENT_TEAM = YTPU4X4DGE;
				INFOPLIST_FILE = autolayoutHW/Info.plist;
				LD_RUNPATH_SEARCH_PATHS = (
					"$(inherited)",
					"@executable_path/Frameworks",
				);
				PRODUCT_BUNDLE_IDENTIFIER = com.daniilalekseev.autolayoutHW;
				PRODUCT_NAME = "$(TARGET_NAME)";
				SWIFT_VERSION = 5.0;
				TARGETED_DEVICE_FAMILY = "1,2";
			};
			name = Debug;
		};
		989ECE71252B1C0F004216D2 /* Release */ = {
			isa = XCBuildConfiguration;
			buildSettings = {
				ASSETCATALOG_COMPILER_APPICON_NAME = AppIcon;
				ASSETCATALOG_COMPILER_GLOBAL_ACCENT_COLOR_NAME = AccentColor;
				CODE_SIGN_STYLE = Automatic;
				DEVELOPMENT_TEAM = YTPU4X4DGE;
				INFOPLIST_FILE = autolayoutHW/Info.plist;
				LD_RUNPATH_SEARCH_PATHS = (
					"$(inherited)",
					"@executable_path/Frameworks",
				);
				PRODUCT_BUNDLE_IDENTIFIER = com.daniilalekseev.autolayoutHW;
				PRODUCT_NAME = "$(TARGET_NAME)";
				SWIFT_VERSION = 5.0;
				TARGETED_DEVICE_FAMILY = "1,2";
			};
			name = Release;
		};
		989ECE73252B1C0F004216D2 /* Debug */ = {
			isa = XCBuildConfiguration;
			buildSettings = {
				ALWAYS_EMBED_SWIFT_STANDARD_LIBRARIES = YES;
				BUNDLE_LOADER = "$(TEST_HOST)";
				CODE_SIGN_STYLE = Automatic;
				DEVELOPMENT_TEAM = YTPU4X4DGE;
				INFOPLIST_FILE = autolayoutHWTests/Info.plist;
				IPHONEOS_DEPLOYMENT_TARGET = 14.0;
				LD_RUNPATH_SEARCH_PATHS = (
					"$(inherited)",
					"@executable_path/Frameworks",
					"@loader_path/Frameworks",
				);
				PRODUCT_BUNDLE_IDENTIFIER = com.daniilalekseev.autolayoutHWTests;
				PRODUCT_NAME = "$(TARGET_NAME)";
				SWIFT_VERSION = 5.0;
				TARGETED_DEVICE_FAMILY = "1,2";
				TEST_HOST = "$(BUILT_PRODUCTS_DIR)/autolayoutHW.app/autolayoutHW";
			};
			name = Debug;
		};
		989ECE74252B1C0F004216D2 /* Release */ = {
			isa = XCBuildConfiguration;
			buildSettings = {
				ALWAYS_EMBED_SWIFT_STANDARD_LIBRARIES = YES;
				BUNDLE_LOADER = "$(TEST_HOST)";
				CODE_SIGN_STYLE = Automatic;
				DEVELOPMENT_TEAM = YTPU4X4DGE;
				INFOPLIST_FILE = autolayoutHWTests/Info.plist;
				IPHONEOS_DEPLOYMENT_TARGET = 14.0;
				LD_RUNPATH_SEARCH_PATHS = (
					"$(inherited)",
					"@executable_path/Frameworks",
					"@loader_path/Frameworks",
				);
				PRODUCT_BUNDLE_IDENTIFIER = com.daniilalekseev.autolayoutHWTests;
				PRODUCT_NAME = "$(TARGET_NAME)";
				SWIFT_VERSION = 5.0;
				TARGETED_DEVICE_FAMILY = "1,2";
				TEST_HOST = "$(BUILT_PRODUCTS_DIR)/autolayoutHW.app/autolayoutHW";
			};
			name = Release;
		};
		989ECE76252B1C0F004216D2 /* Debug */ = {
			isa = XCBuildConfiguration;
			buildSettings = {
				ALWAYS_EMBED_SWIFT_STANDARD_LIBRARIES = YES;
				CODE_SIGN_STYLE = Automatic;
				DEVELOPMENT_TEAM = YTPU4X4DGE;
				INFOPLIST_FILE = autolayoutHWUITests/Info.plist;
				LD_RUNPATH_SEARCH_PATHS = (
					"$(inherited)",
					"@executable_path/Frameworks",
					"@loader_path/Frameworks",
				);
				PRODUCT_BUNDLE_IDENTIFIER = com.daniilalekseev.autolayoutHWUITests;
				PRODUCT_NAME = "$(TARGET_NAME)";
				SWIFT_VERSION = 5.0;
				TARGETED_DEVICE_FAMILY = "1,2";
				TEST_TARGET_NAME = autolayoutHW;
			};
			name = Debug;
		};
		989ECE77252B1C0F004216D2 /* Release */ = {
			isa = XCBuildConfiguration;
			buildSettings = {
				ALWAYS_EMBED_SWIFT_STANDARD_LIBRARIES = YES;
				CODE_SIGN_STYLE = Automatic;
				DEVELOPMENT_TEAM = YTPU4X4DGE;
				INFOPLIST_FILE = autolayoutHWUITests/Info.plist;
				LD_RUNPATH_SEARCH_PATHS = (
					"$(inherited)",
					"@executable_path/Frameworks",
					"@loader_path/Frameworks",
				);
				PRODUCT_BUNDLE_IDENTIFIER = com.daniilalekseev.autolayoutHWUITests;
				PRODUCT_NAME = "$(TARGET_NAME)";
				SWIFT_VERSION = 5.0;
				TARGETED_DEVICE_FAMILY = "1,2";
				TEST_TARGET_NAME = autolayoutHW;
			};
			name = Release;
		};
/* End XCBuildConfiguration section */

/* Begin XCConfigurationList section */
		989ECE40252B1C0E004216D2 /* Build configuration list for PBXProject "autolayoutHW" */ = {
			isa = XCConfigurationList;
			buildConfigurations = (
				989ECE6D252B1C0F004216D2 /* Debug */,
				989ECE6E252B1C0F004216D2 /* Release */,
			);
			defaultConfigurationIsVisible = 0;
			defaultConfigurationName = Release;
		};
		989ECE6F252B1C0F004216D2 /* Build configuration list for PBXNativeTarget "autolayoutHW" */ = {
			isa = XCConfigurationList;
			buildConfigurations = (
				989ECE70252B1C0F004216D2 /* Debug */,
				989ECE71252B1C0F004216D2 /* Release */,
			);
			defaultConfigurationIsVisible = 0;
			defaultConfigurationName = Release;
		};
		989ECE72252B1C0F004216D2 /* Build configuration list for PBXNativeTarget "autolayoutHWTests" */ = {
			isa = XCConfigurationList;
			buildConfigurations = (
				989ECE73252B1C0F004216D2 /* Debug */,
				989ECE74252B1C0F004216D2 /* Release */,
			);
			defaultConfigurationIsVisible = 0;
			defaultConfigurationName = Release;
		};
		989ECE75252B1C0F004216D2 /* Build configuration list for PBXNativeTarget "autolayoutHWUITests" */ = {
			isa = XCConfigurationList;
			buildConfigurations = (
				989ECE76252B1C0F004216D2 /* Debug */,
				989ECE77252B1C0F004216D2 /* Release */,
			);
			defaultConfigurationIsVisible = 0;
			defaultConfigurationName = Release;
		};
/* End XCConfigurationList section */
	};
	rootObject = 989ECE3D252B1C0E004216D2 /* Project object */;
}
