// !$*UTF8*$!
{
	archiveVersion = 1;
	classes = {
	};
	objectVersion = 50;
	objects = {

/* Begin PBXBuildFile section */
		988F3FED2534606300FB8341 /* AppDelegate.swift in Sources */ = {isa = PBXBuildFile; fileRef = 988F3FEC2534606300FB8341 /* AppDelegate.swift */; };
		988F3FEF2534606300FB8341 /* SceneDelegate.swift in Sources */ = {isa = PBXBuildFile; fileRef = 988F3FEE2534606300FB8341 /* SceneDelegate.swift */; };
		988F3FF12534606300FB8341 /* ViewController.swift in Sources */ = {isa = PBXBuildFile; fileRef = 988F3FF02534606300FB8341 /* ViewController.swift */; };
		988F3FF42534606300FB8341 /* Main.storyboard in Resources */ = {isa = PBXBuildFile; fileRef = 988F3FF22534606300FB8341 /* Main.storyboard */; };
		988F3FF62534606600FB8341 /* Assets.xcassets in Resources */ = {isa = PBXBuildFile; fileRef = 988F3FF52534606600FB8341 /* Assets.xcassets */; };
		988F3FF92534606600FB8341 /* LaunchScreen.storyboard in Resources */ = {isa = PBXBuildFile; fileRef = 988F3FF72534606600FB8341 /* LaunchScreen.storyboard */; };
		988F40042534606600FB8341 /* autolayoutHWTests.swift in Sources */ = {isa = PBXBuildFile; fileRef = 988F40032534606600FB8341 /* autolayoutHWTests.swift */; };
		988F400F2534606600FB8341 /* autolayoutHWUITests.swift in Sources */ = {isa = PBXBuildFile; fileRef = 988F400E2534606600FB8341 /* autolayoutHWUITests.swift */; };
		988F402025346FE000FB8341 /* RedViewController.swift in Sources */ = {isa = PBXBuildFile; fileRef = 988F401F25346FE000FB8341 /* RedViewController.swift */; };
/* End PBXBuildFile section */

/* Begin PBXContainerItemProxy section */
		988F40002534606600FB8341 /* PBXContainerItemProxy */ = {
			isa = PBXContainerItemProxy;
			containerPortal = 988F3FE12534606300FB8341 /* Project object */;
			proxyType = 1;
			remoteGlobalIDString = 988F3FE82534606300FB8341;
			remoteInfo = autolayoutHW;
		};
		988F400B2534606600FB8341 /* PBXContainerItemProxy */ = {
			isa = PBXContainerItemProxy;
			containerPortal = 988F3FE12534606300FB8341 /* Project object */;
			proxyType = 1;
			remoteGlobalIDString = 988F3FE82534606300FB8341;
			remoteInfo = autolayoutHW;
		};
/* End PBXContainerItemProxy section */

/* Begin PBXFileReference section */
		988F3FE92534606300FB8341 /* autolayoutHW.app */ = {isa = PBXFileReference; explicitFileType = wrapper.application; includeInIndex = 0; path = autolayoutHW.app; sourceTree = BUILT_PRODUCTS_DIR; };
		988F3FEC2534606300FB8341 /* AppDelegate.swift */ = {isa = PBXFileReference; lastKnownFileType = sourcecode.swift; path = AppDelegate.swift; sourceTree = "<group>"; };
		988F3FEE2534606300FB8341 /* SceneDelegate.swift */ = {isa = PBXFileReference; lastKnownFileType = sourcecode.swift; path = SceneDelegate.swift; sourceTree = "<group>"; };
		988F3FF02534606300FB8341 /* ViewController.swift */ = {isa = PBXFileReference; lastKnownFileType = sourcecode.swift; path = ViewController.swift; sourceTree = "<group>"; };
		988F3FF32534606300FB8341 /* Base */ = {isa = PBXFileReference; lastKnownFileType = file.storyboard; name = Base; path = Base.lproj/Main.storyboard; sourceTree = "<group>"; };
		988F3FF52534606600FB8341 /* Assets.xcassets */ = {isa = PBXFileReference; lastKnownFileType = folder.assetcatalog; path = Assets.xcassets; sourceTree = "<group>"; };
		988F3FF82534606600FB8341 /* Base */ = {isa = PBXFileReference; lastKnownFileType = file.storyboard; name = Base; path = Base.lproj/LaunchScreen.storyboard; sourceTree = "<group>"; };
		988F3FFA2534606600FB8341 /* Info.plist */ = {isa = PBXFileReference; lastKnownFileType = text.plist.xml; path = Info.plist; sourceTree = "<group>"; };
		988F3FFF2534606600FB8341 /* autolayoutHWTests.xctest */ = {isa = PBXFileReference; explicitFileType = wrapper.cfbundle; includeInIndex = 0; path = autolayoutHWTests.xctest; sourceTree = BUILT_PRODUCTS_DIR; };
		988F40032534606600FB8341 /* autolayoutHWTests.swift */ = {isa = PBXFileReference; lastKnownFileType = sourcecode.swift; path = autolayoutHWTests.swift; sourceTree = "<group>"; };
		988F40052534606600FB8341 /* Info.plist */ = {isa = PBXFileReference; lastKnownFileType = text.plist.xml; path = Info.plist; sourceTree = "<group>"; };
		988F400A2534606600FB8341 /* autolayoutHWUITests.xctest */ = {isa = PBXFileReference; explicitFileType = wrapper.cfbundle; includeInIndex = 0; path = autolayoutHWUITests.xctest; sourceTree = BUILT_PRODUCTS_DIR; };
		988F400E2534606600FB8341 /* autolayoutHWUITests.swift */ = {isa = PBXFileReference; lastKnownFileType = sourcecode.swift; path = autolayoutHWUITests.swift; sourceTree = "<group>"; };
		988F40102534606600FB8341 /* Info.plist */ = {isa = PBXFileReference; lastKnownFileType = text.plist.xml; path = Info.plist; sourceTree = "<group>"; };
		988F401F25346FE000FB8341 /* RedViewController.swift */ = {isa = PBXFileReference; lastKnownFileType = sourcecode.swift; path = RedViewController.swift; sourceTree = "<group>"; };
/* End PBXFileReference section */

/* Begin PBXFrameworksBuildPhase section */
		988F3FE62534606300FB8341 /* Frameworks */ = {
			isa = PBXFrameworksBuildPhase;
			buildActionMask = 2147483647;
			files = (
			);
			runOnlyForDeploymentPostprocessing = 0;
		};
		988F3FFC2534606600FB8341 /* Frameworks */ = {
			isa = PBXFrameworksBuildPhase;
			buildActionMask = 2147483647;
			files = (
			);
			runOnlyForDeploymentPostprocessing = 0;
		};
		988F40072534606600FB8341 /* Frameworks */ = {
			isa = PBXFrameworksBuildPhase;
			buildActionMask = 2147483647;
			files = (
			);
			runOnlyForDeploymentPostprocessing = 0;
		};
/* End PBXFrameworksBuildPhase section */

/* Begin PBXGroup section */
		988F3FE02534606300FB8341 = {
			isa = PBXGroup;
			children = (
				988F3FEB2534606300FB8341 /* autolayoutHW */,
				988F40022534606600FB8341 /* autolayoutHWTests */,
				988F400D2534606600FB8341 /* autolayoutHWUITests */,
				988F3FEA2534606300FB8341 /* Products */,
			);
			sourceTree = "<group>";
		};
		988F3FEA2534606300FB8341 /* Products */ = {
			isa = PBXGroup;
			children = (
				988F3FE92534606300FB8341 /* autolayoutHW.app */,
				988F3FFF2534606600FB8341 /* autolayoutHWTests.xctest */,
				988F400A2534606600FB8341 /* autolayoutHWUITests.xctest */,
			);
			name = Products;
			sourceTree = "<group>";
		};
		988F3FEB2534606300FB8341 /* autolayoutHW */ = {
			isa = PBXGroup;
			children = (
				988F3FEC2534606300FB8341 /* AppDelegate.swift */,
				988F3FEE2534606300FB8341 /* SceneDelegate.swift */,
				988F3FF02534606300FB8341 /* ViewController.swift */,
				988F3FF22534606300FB8341 /* Main.storyboard */,
				988F401F25346FE000FB8341 /* RedViewController.swift */,
				988F3FF52534606600FB8341 /* Assets.xcassets */,
				988F3FF72534606600FB8341 /* LaunchScreen.storyboard */,
				988F3FFA2534606600FB8341 /* Info.plist */,
			);
			path = autolayoutHW;
			sourceTree = "<group>";
		};
		988F40022534606600FB8341 /* autolayoutHWTests */ = {
			isa = PBXGroup;
			children = (
				988F40032534606600FB8341 /* autolayoutHWTests.swift */,
				988F40052534606600FB8341 /* Info.plist */,
			);
			path = autolayoutHWTests;
			sourceTree = "<group>";
		};
		988F400D2534606600FB8341 /* autolayoutHWUITests */ = {
			isa = PBXGroup;
			children = (
				988F400E2534606600FB8341 /* autolayoutHWUITests.swift */,
				988F40102534606600FB8341 /* Info.plist */,
			);
			path = autolayoutHWUITests;
			sourceTree = "<group>";
		};
/* End PBXGroup section */

/* Begin PBXNativeTarget section */
		988F3FE82534606300FB8341 /* autolayoutHW */ = {
			isa = PBXNativeTarget;
			buildConfigurationList = 988F40132534606600FB8341 /* Build configuration list for PBXNativeTarget "autolayoutHW" */;
			buildPhases = (
				988F3FE52534606300FB8341 /* Sources */,
				988F3FE62534606300FB8341 /* Frameworks */,
				988F3FE72534606300FB8341 /* Resources */,
			);
			buildRules = (
			);
			dependencies = (
			);
			name = autolayoutHW;
			productName = autolayoutHW;
			productReference = 988F3FE92534606300FB8341 /* autolayoutHW.app */;
			productType = "com.apple.product-type.application";
		};
		988F3FFE2534606600FB8341 /* autolayoutHWTests */ = {
			isa = PBXNativeTarget;
			buildConfigurationList = 988F40162534606600FB8341 /* Build configuration list for PBXNativeTarget "autolayoutHWTests" */;
			buildPhases = (
				988F3FFB2534606600FB8341 /* Sources */,
				988F3FFC2534606600FB8341 /* Frameworks */,
				988F3FFD2534606600FB8341 /* Resources */,
			);
			buildRules = (
			);
			dependencies = (
				988F40012534606600FB8341 /* PBXTargetDependency */,
			);
			name = autolayoutHWTests;
			productName = autolayoutHWTests;
			productReference = 988F3FFF2534606600FB8341 /* autolayoutHWTests.xctest */;
			productType = "com.apple.product-type.bundle.unit-test";
		};
		988F40092534606600FB8341 /* autolayoutHWUITests */ = {
			isa = PBXNativeTarget;
			buildConfigurationList = 988F40192534606600FB8341 /* Build configuration list for PBXNativeTarget "autolayoutHWUITests" */;
			buildPhases = (
				988F40062534606600FB8341 /* Sources */,
				988F40072534606600FB8341 /* Frameworks */,
				988F40082534606600FB8341 /* Resources */,
			);
			buildRules = (
			);
			dependencies = (
				988F400C2534606600FB8341 /* PBXTargetDependency */,
			);
			name = autolayoutHWUITests;
			productName = autolayoutHWUITests;
			productReference = 988F400A2534606600FB8341 /* autolayoutHWUITests.xctest */;
			productType = "com.apple.product-type.bundle.ui-testing";
		};
/* End PBXNativeTarget section */

/* Begin PBXProject section */
		988F3FE12534606300FB8341 /* Project object */ = {
			isa = PBXProject;
			attributes = {
				LastSwiftUpdateCheck = 1200;
				LastUpgradeCheck = 1200;
				TargetAttributes = {
					988F3FE82534606300FB8341 = {
						CreatedOnToolsVersion = 12.0.1;
					};
					988F3FFE2534606600FB8341 = {
						CreatedOnToolsVersion = 12.0.1;
						TestTargetID = 988F3FE82534606300FB8341;
					};
					988F40092534606600FB8341 = {
						CreatedOnToolsVersion = 12.0.1;
						TestTargetID = 988F3FE82534606300FB8341;
					};
				};
			};
			buildConfigurationList = 988F3FE42534606300FB8341 /* Build configuration list for PBXProject "autolayoutHW" */;
			compatibilityVersion = "Xcode 9.3";
			developmentRegion = en;
			hasScannedForEncodings = 0;
			knownRegions = (
				en,
				Base,
			);
			mainGroup = 988F3FE02534606300FB8341;
			productRefGroup = 988F3FEA2534606300FB8341 /* Products */;
			projectDirPath = "";
			projectRoot = "";
			targets = (
				988F3FE82534606300FB8341 /* autolayoutHW */,
				988F3FFE2534606600FB8341 /* autolayoutHWTests */,
				988F40092534606600FB8341 /* autolayoutHWUITests */,
			);
		};
/* End PBXProject section */

/* Begin PBXResourcesBuildPhase section */
		988F3FE72534606300FB8341 /* Resources */ = {
			isa = PBXResourcesBuildPhase;
			buildActionMask = 2147483647;
			files = (
				988F3FF92534606600FB8341 /* LaunchScreen.storyboard in Resources */,
				988F3FF62534606600FB8341 /* Assets.xcassets in Resources */,
				988F3FF42534606300FB8341 /* Main.storyboard in Resources */,
			);
			runOnlyForDeploymentPostprocessing = 0;
		};
		988F3FFD2534606600FB8341 /* Resources */ = {
			isa = PBXResourcesBuildPhase;
			buildActionMask = 2147483647;
			files = (
			);
			runOnlyForDeploymentPostprocessing = 0;
		};
		988F40082534606600FB8341 /* Resources */ = {
			isa = PBXResourcesBuildPhase;
			buildActionMask = 2147483647;
			files = (
			);
			runOnlyForDeploymentPostprocessing = 0;
		};
/* End PBXResourcesBuildPhase section */

/* Begin PBXSourcesBuildPhase section */
		988F3FE52534606300FB8341 /* Sources */ = {
			isa = PBXSourcesBuildPhase;
			buildActionMask = 2147483647;
			files = (
				988F402025346FE000FB8341 /* RedViewController.swift in Sources */,
				988F3FF12534606300FB8341 /* ViewController.swift in Sources */,
				988F3FED2534606300FB8341 /* AppDelegate.swift in Sources */,
				988F3FEF2534606300FB8341 /* SceneDelegate.swift in Sources */,
			);
			runOnlyForDeploymentPostprocessing = 0;
		};
		988F3FFB2534606600FB8341 /* Sources */ = {
			isa = PBXSourcesBuildPhase;
			buildActionMask = 2147483647;
			files = (
				988F40042534606600FB8341 /* autolayoutHWTests.swift in Sources */,
			);
			runOnlyForDeploymentPostprocessing = 0;
		};
		988F40062534606600FB8341 /* Sources */ = {
			isa = PBXSourcesBuildPhase;
			buildActionMask = 2147483647;
			files = (
				988F400F2534606600FB8341 /* autolayoutHWUITests.swift in Sources */,
			);
			runOnlyForDeploymentPostprocessing = 0;
		};
/* End PBXSourcesBuildPhase section */

/* Begin PBXTargetDependency section */
		988F40012534606600FB8341 /* PBXTargetDependency */ = {
			isa = PBXTargetDependency;
			target = 988F3FE82534606300FB8341 /* autolayoutHW */;
			targetProxy = 988F40002534606600FB8341 /* PBXContainerItemProxy */;
		};
		988F400C2534606600FB8341 /* PBXTargetDependency */ = {
			isa = PBXTargetDependency;
			target = 988F3FE82534606300FB8341 /* autolayoutHW */;
			targetProxy = 988F400B2534606600FB8341 /* PBXContainerItemProxy */;
		};
/* End PBXTargetDependency section */

/* Begin PBXVariantGroup section */
		988F3FF22534606300FB8341 /* Main.storyboard */ = {
			isa = PBXVariantGroup;
			children = (
				988F3FF32534606300FB8341 /* Base */,
			);
			name = Main.storyboard;
			sourceTree = "<group>";
		};
		988F3FF72534606600FB8341 /* LaunchScreen.storyboard */ = {
			isa = PBXVariantGroup;
			children = (
				988F3FF82534606600FB8341 /* Base */,
			);
			name = LaunchScreen.storyboard;
			sourceTree = "<group>";
		};
/* End PBXVariantGroup section */

/* Begin XCBuildConfiguration section */
		988F40112534606600FB8341 /* Debug */ = {
			isa = XCBuildConfiguration;
			buildSettings = {
				ALWAYS_SEARCH_USER_PATHS = NO;
				CLANG_ANALYZER_NONNULL = YES;
				CLANG_ANALYZER_NUMBER_OBJECT_CONVERSION = YES_AGGRESSIVE;
				CLANG_CXX_LANGUAGE_STANDARD = "gnu++14";
				CLANG_CXX_LIBRARY = "libc++";
				CLANG_ENABLE_MODULES = YES;
				CLANG_ENABLE_OBJC_ARC = YES;
				CLANG_ENABLE_OBJC_WEAK = YES;
				CLANG_WARN_BLOCK_CAPTURE_AUTORELEASING = YES;
				CLANG_WARN_BOOL_CONVERSION = YES;
				CLANG_WARN_COMMA = YES;
				CLANG_WARN_CONSTANT_CONVERSION = YES;
				CLANG_WARN_DEPRECATED_OBJC_IMPLEMENTATIONS = YES;
				CLANG_WARN_DIRECT_OBJC_ISA_USAGE = YES_ERROR;
				CLANG_WARN_DOCUMENTATION_COMMENTS = YES;
				CLANG_WARN_EMPTY_BODY = YES;
				CLANG_WARN_ENUM_CONVERSION = YES;
				CLANG_WARN_INFINITE_RECURSION = YES;
				CLANG_WARN_INT_CONVERSION = YES;
				CLANG_WARN_NON_LITERAL_NULL_CONVERSION = YES;
				CLANG_WARN_OBJC_IMPLICIT_RETAIN_SELF = YES;
				CLANG_WARN_OBJC_LITERAL_CONVERSION = YES;
				CLANG_WARN_OBJC_ROOT_CLASS = YES_ERROR;
				CLANG_WARN_QUOTED_INCLUDE_IN_FRAMEWORK_HEADER = YES;
				CLANG_WARN_RANGE_LOOP_ANALYSIS = YES;
				CLANG_WARN_STRICT_PROTOTYPES = YES;
				CLANG_WARN_SUSPICIOUS_MOVE = YES;
				CLANG_WARN_UNGUARDED_AVAILABILITY = YES_AGGRESSIVE;
				CLANG_WARN_UNREACHABLE_CODE = YES;
				CLANG_WARN__DUPLICATE_METHOD_MATCH = YES;
				COPY_PHASE_STRIP = NO;
				DEBUG_INFORMATION_FORMAT = dwarf;
				ENABLE_STRICT_OBJC_MSGSEND = YES;
				ENABLE_TESTABILITY = YES;
				GCC_C_LANGUAGE_STANDARD = gnu11;
				GCC_DYNAMIC_NO_PIC = NO;
				GCC_NO_COMMON_BLOCKS = YES;
				GCC_OPTIMIZATION_LEVEL = 0;
				GCC_PREPROCESSOR_DEFINITIONS = (
					"DEBUG=1",
					"$(inherited)",
				);
				GCC_WARN_64_TO_32_BIT_CONVERSION = YES;
				GCC_WARN_ABOUT_RETURN_TYPE = YES_ERROR;
				GCC_WARN_UNDECLARED_SELECTOR = YES;
				GCC_WARN_UNINITIALIZED_AUTOS = YES_AGGRESSIVE;
				GCC_WARN_UNUSED_FUNCTION = YES;
				GCC_WARN_UNUSED_VARIABLE = YES;
				IPHONEOS_DEPLOYMENT_TARGET = 14.0;
				MTL_ENABLE_DEBUG_INFO = INCLUDE_SOURCE;
				MTL_FAST_MATH = YES;
				ONLY_ACTIVE_ARCH = YES;
				SDKROOT = iphoneos;
				SWIFT_ACTIVE_COMPILATION_CONDITIONS = DEBUG;
				SWIFT_OPTIMIZATION_LEVEL = "-Onone";
			};
			name = Debug;
		};
		988F40122534606600FB8341 /* Release */ = {
			isa = XCBuildConfiguration;
			buildSettings = {
				ALWAYS_SEARCH_USER_PATHS = NO;
				CLANG_ANALYZER_NONNULL = YES;
				CLANG_ANALYZER_NUMBER_OBJECT_CONVERSION = YES_AGGRESSIVE;
				CLANG_CXX_LANGUAGE_STANDARD = "gnu++14";
				CLANG_CXX_LIBRARY = "libc++";
				CLANG_ENABLE_MODULES = YES;
				CLANG_ENABLE_OBJC_ARC = YES;
				CLANG_ENABLE_OBJC_WEAK = YES;
				CLANG_WARN_BLOCK_CAPTURE_AUTORELEASING = YES;
				CLANG_WARN_BOOL_CONVERSION = YES;
				CLANG_WARN_COMMA = YES;
				CLANG_WARN_CONSTANT_CONVERSION = YES;
				CLANG_WARN_DEPRECATED_OBJC_IMPLEMENTATIONS = YES;
				CLANG_WARN_DIRECT_OBJC_ISA_USAGE = YES_ERROR;
				CLANG_WARN_DOCUMENTATION_COMMENTS = YES;
				CLANG_WARN_EMPTY_BODY = YES;
				CLANG_WARN_ENUM_CONVERSION = YES;
				CLANG_WARN_INFINITE_RECURSION = YES;
				CLANG_WARN_INT_CONVERSION = YES;
				CLANG_WARN_NON_LITERAL_NULL_CONVERSION = YES;
				CLANG_WARN_OBJC_IMPLICIT_RETAIN_SELF = YES;
				CLANG_WARN_OBJC_LITERAL_CONVERSION = YES;
				CLANG_WARN_OBJC_ROOT_CLASS = YES_ERROR;
				CLANG_WARN_QUOTED_INCLUDE_IN_FRAMEWORK_HEADER = YES;
				CLANG_WARN_RANGE_LOOP_ANALYSIS = YES;
				CLANG_WARN_STRICT_PROTOTYPES = YES;
				CLANG_WARN_SUSPICIOUS_MOVE = YES;
				CLANG_WARN_UNGUARDED_AVAILABILITY = YES_AGGRESSIVE;
				CLANG_WARN_UNREACHABLE_CODE = YES;
				CLANG_WARN__DUPLICATE_METHOD_MATCH = YES;
				COPY_PHASE_STRIP = NO;
				DEBUG_INFORMATION_FORMAT = "dwarf-with-dsym";
				ENABLE_NS_ASSERTIONS = NO;
				ENABLE_STRICT_OBJC_MSGSEND = YES;
				GCC_C_LANGUAGE_STANDARD = gnu11;
				GCC_NO_COMMON_BLOCKS = YES;
				GCC_WARN_64_TO_32_BIT_CONVERSION = YES;
				GCC_WARN_ABOUT_RETURN_TYPE = YES_ERROR;
				GCC_WARN_UNDECLARED_SELECTOR = YES;
				GCC_WARN_UNINITIALIZED_AUTOS = YES_AGGRESSIVE;
				GCC_WARN_UNUSED_FUNCTION = YES;
				GCC_WARN_UNUSED_VARIABLE = YES;
				IPHONEOS_DEPLOYMENT_TARGET = 14.0;
				MTL_ENABLE_DEBUG_INFO = NO;
				MTL_FAST_MATH = YES;
				SDKROOT = iphoneos;
				SWIFT_COMPILATION_MODE = wholemodule;
				SWIFT_OPTIMIZATION_LEVEL = "-O";
				VALIDATE_PRODUCT = YES;
			};
			name = Release;
		};
		988F40142534606600FB8341 /* Debug */ = {
			isa = XCBuildConfiguration;
			buildSettings = {
				ASSETCATALOG_COMPILER_APPICON_NAME = AppIcon;
				ASSETCATALOG_COMPILER_GLOBAL_ACCENT_COLOR_NAME = AccentColor;
				CODE_SIGN_STYLE = Automatic;
				DEVELOPMENT_TEAM = YTPU4X4DGE;
				INFOPLIST_FILE = autolayoutHW/Info.plist;
				LD_RUNPATH_SEARCH_PATHS = (
					"$(inherited)",
					"@executable_path/Frameworks",
				);
				PRODUCT_BUNDLE_IDENTIFIER = com.daniilalekseev.autolayoutHW;
				PRODUCT_NAME = "$(TARGET_NAME)";
				SWIFT_VERSION = 5.0;
				TARGETED_DEVICE_FAMILY = "1,2";
			};
			name = Debug;
		};
		988F40152534606600FB8341 /* Release */ = {
			isa = XCBuildConfiguration;
			buildSettings = {
				ASSETCATALOG_COMPILER_APPICON_NAME = AppIcon;
				ASSETCATALOG_COMPILER_GLOBAL_ACCENT_COLOR_NAME = AccentColor;
				CODE_SIGN_STYLE = Automatic;
				DEVELOPMENT_TEAM = YTPU4X4DGE;
				INFOPLIST_FILE = autolayoutHW/Info.plist;
				LD_RUNPATH_SEARCH_PATHS = (
					"$(inherited)",
					"@executable_path/Frameworks",
				);
				PRODUCT_BUNDLE_IDENTIFIER = com.daniilalekseev.autolayoutHW;
				PRODUCT_NAME = "$(TARGET_NAME)";
				SWIFT_VERSION = 5.0;
				TARGETED_DEVICE_FAMILY = "1,2";
			};
			name = Release;
		};
		988F40172534606600FB8341 /* Debug */ = {
			isa = XCBuildConfiguration;
			buildSettings = {
				ALWAYS_EMBED_SWIFT_STANDARD_LIBRARIES = YES;
				BUNDLE_LOADER = "$(TEST_HOST)";
				CODE_SIGN_STYLE = Automatic;
				DEVELOPMENT_TEAM = YTPU4X4DGE;
				INFOPLIST_FILE = autolayoutHWTests/Info.plist;
				IPHONEOS_DEPLOYMENT_TARGET = 14.0;
				LD_RUNPATH_SEARCH_PATHS = (
					"$(inherited)",
					"@executable_path/Frameworks",
					"@loader_path/Frameworks",
				);
				PRODUCT_BUNDLE_IDENTIFIER = com.daniilalekseev.autolayoutHWTests;
				PRODUCT_NAME = "$(TARGET_NAME)";
				SWIFT_VERSION = 5.0;
				TARGETED_DEVICE_FAMILY = "1,2";
				TEST_HOST = "$(BUILT_PRODUCTS_DIR)/autolayoutHW.app/autolayoutHW";
			};
			name = Debug;
		};
		988F40182534606600FB8341 /* Release */ = {
			isa = XCBuildConfiguration;
			buildSettings = {
				ALWAYS_EMBED_SWIFT_STANDARD_LIBRARIES = YES;
				BUNDLE_LOADER = "$(TEST_HOST)";
				CODE_SIGN_STYLE = Automatic;
				DEVELOPMENT_TEAM = YTPU4X4DGE;
				INFOPLIST_FILE = autolayoutHWTests/Info.plist;
				IPHONEOS_DEPLOYMENT_TARGET = 14.0;
				LD_RUNPATH_SEARCH_PATHS = (
					"$(inherited)",
					"@executable_path/Frameworks",
					"@loader_path/Frameworks",
				);
				PRODUCT_BUNDLE_IDENTIFIER = com.daniilalekseev.autolayoutHWTests;
				PRODUCT_NAME = "$(TARGET_NAME)";
				SWIFT_VERSION = 5.0;
				TARGETED_DEVICE_FAMILY = "1,2";
				TEST_HOST = "$(BUILT_PRODUCTS_DIR)/autolayoutHW.app/autolayoutHW";
			};
			name = Release;
		};
		988F401A2534606600FB8341 /* Debug */ = {
			isa = XCBuildConfiguration;
			buildSettings = {
				ALWAYS_EMBED_SWIFT_STANDARD_LIBRARIES = YES;
				CODE_SIGN_STYLE = Automatic;
				DEVELOPMENT_TEAM = YTPU4X4DGE;
				INFOPLIST_FILE = autolayoutHWUITests/Info.plist;
				LD_RUNPATH_SEARCH_PATHS = (
					"$(inherited)",
					"@executable_path/Frameworks",
					"@loader_path/Frameworks",
				);
				PRODUCT_BUNDLE_IDENTIFIER = com.daniilalekseev.autolayoutHWUITests;
				PRODUCT_NAME = "$(TARGET_NAME)";
				SWIFT_VERSION = 5.0;
				TARGETED_DEVICE_FAMILY = "1,2";
				TEST_TARGET_NAME = autolayoutHW;
			};
			name = Debug;
		};
		988F401B2534606600FB8341 /* Release */ = {
			isa = XCBuildConfiguration;
			buildSettings = {
				ALWAYS_EMBED_SWIFT_STANDARD_LIBRARIES = YES;
				CODE_SIGN_STYLE = Automatic;
				DEVELOPMENT_TEAM = YTPU4X4DGE;
				INFOPLIST_FILE = autolayoutHWUITests/Info.plist;
				LD_RUNPATH_SEARCH_PATHS = (
					"$(inherited)",
					"@executable_path/Frameworks",
					"@loader_path/Frameworks",
				);
				PRODUCT_BUNDLE_IDENTIFIER = com.daniilalekseev.autolayoutHWUITests;
				PRODUCT_NAME = "$(TARGET_NAME)";
				SWIFT_VERSION = 5.0;
				TARGETED_DEVICE_FAMILY = "1,2";
				TEST_TARGET_NAME = autolayoutHW;
			};
			name = Release;
		};
/* End XCBuildConfiguration section */

/* Begin XCConfigurationList section */
		988F3FE42534606300FB8341 /* Build configuration list for PBXProject "autolayoutHW" */ = {
			isa = XCConfigurationList;
			buildConfigurations = (
				988F40112534606600FB8341 /* Debug */,
				988F40122534606600FB8341 /* Release */,
			);
			defaultConfigurationIsVisible = 0;
			defaultConfigurationName = Release;
		};
		988F40132534606600FB8341 /* Build configuration list for PBXNativeTarget "autolayoutHW" */ = {
			isa = XCConfigurationList;
			buildConfigurations = (
				988F40142534606600FB8341 /* Debug */,
				988F40152534606600FB8341 /* Release */,
			);
			defaultConfigurationIsVisible = 0;
			defaultConfigurationName = Release;
		};
		988F40162534606600FB8341 /* Build configuration list for PBXNativeTarget "autolayoutHWTests" */ = {
			isa = XCConfigurationList;
			buildConfigurations = (
				988F40172534606600FB8341 /* Debug */,
				988F40182534606600FB8341 /* Release */,
			);
			defaultConfigurationIsVisible = 0;
			defaultConfigurationName = Release;
		};
		988F40192534606600FB8341 /* Build configuration list for PBXNativeTarget "autolayoutHWUITests" */ = {
			isa = XCConfigurationList;
			buildConfigurations = (
				988F401A2534606600FB8341 /* Debug */,
				988F401B2534606600FB8341 /* Release */,
			);
			defaultConfigurationIsVisible = 0;
			defaultConfigurationName = Release;
		};
/* End XCConfigurationList section */
	};
	rootObject = 988F3FE12534606300FB8341 /* Project object */;
}
