// !$*UTF8*$!
{
	archiveVersion = 1;
	classes = {
	};
	objectVersion = 50;
	objects = {

/* Begin PBXBuildFile section */
		98F6637F2559E77E00A30DE0 /* AppDelegate.swift in Sources */ = {isa = PBXBuildFile; fileRef = 98F6637E2559E77E00A30DE0 /* AppDelegate.swift */; };
		98F663812559E77E00A30DE0 /* SceneDelegate.swift in Sources */ = {isa = PBXBuildFile; fileRef = 98F663802559E77E00A30DE0 /* SceneDelegate.swift */; };
		98F663832559E77E00A30DE0 /* ViewController.swift in Sources */ = {isa = PBXBuildFile; fileRef = 98F663822559E77E00A30DE0 /* ViewController.swift */; };
		98F663862559E77E00A30DE0 /* Main.storyboard in Resources */ = {isa = PBXBuildFile; fileRef = 98F663842559E77E00A30DE0 /* Main.storyboard */; };
		98F663882559E77F00A30DE0 /* Assets.xcassets in Resources */ = {isa = PBXBuildFile; fileRef = 98F663872559E77F00A30DE0 /* Assets.xcassets */; };
		98F6638B2559E77F00A30DE0 /* LaunchScreen.storyboard in Resources */ = {isa = PBXBuildFile; fileRef = 98F663892559E77F00A30DE0 /* LaunchScreen.storyboard */; };
		98F663962559E78000A30DE0 /* testTests.swift in Sources */ = {isa = PBXBuildFile; fileRef = 98F663952559E78000A30DE0 /* testTests.swift */; };
		98F663A12559E78000A30DE0 /* testUITests.swift in Sources */ = {isa = PBXBuildFile; fileRef = 98F663A02559E78000A30DE0 /* testUITests.swift */; };
		98F663B32559E7DE00A30DE0 /* Alamofire.framework in Frameworks */ = {isa = PBXBuildFile; fileRef = 98F663B22559E7DE00A30DE0 /* Alamofire.framework */; };
		98F663B42559E7DE00A30DE0 /* Alamofire.framework in Embed Frameworks */ = {isa = PBXBuildFile; fileRef = 98F663B22559E7DE00A30DE0 /* Alamofire.framework */; settings = {ATTRIBUTES = (CodeSignOnCopy, RemoveHeadersOnCopy, ); }; };
/* End PBXBuildFile section */

/* Begin PBXContainerItemProxy section */
		98F663922559E78000A30DE0 /* PBXContainerItemProxy */ = {
			isa = PBXContainerItemProxy;
			containerPortal = 98F663732559E77E00A30DE0 /* Project object */;
			proxyType = 1;
			remoteGlobalIDString = 98F6637A2559E77E00A30DE0;
			remoteInfo = test;
		};
		98F6639D2559E78000A30DE0 /* PBXContainerItemProxy */ = {
			isa = PBXContainerItemProxy;
			containerPortal = 98F663732559E77E00A30DE0 /* Project object */;
			proxyType = 1;
			remoteGlobalIDString = 98F6637A2559E77E00A30DE0;
			remoteInfo = test;
		};
/* End PBXContainerItemProxy section */

/* Begin PBXCopyFilesBuildPhase section */
		98F663B52559E7DE00A30DE0 /* Embed Frameworks */ = {
			isa = PBXCopyFilesBuildPhase;
			buildActionMask = 2147483647;
			dstPath = "";
			dstSubfolderSpec = 10;
			files = (
				98F663B42559E7DE00A30DE0 /* Alamofire.framework in Embed Frameworks */,
			);
			name = "Embed Frameworks";
			runOnlyForDeploymentPostprocessing = 0;
		};
/* End PBXCopyFilesBuildPhase section */

/* Begin PBXFileReference section */
		98F6637B2559E77E00A30DE0 /* test.app */ = {isa = PBXFileReference; explicitFileType = wrapper.application; includeInIndex = 0; path = test.app; sourceTree = BUILT_PRODUCTS_DIR; };
		98F6637E2559E77E00A30DE0 /* AppDelegate.swift */ = {isa = PBXFileReference; lastKnownFileType = sourcecode.swift; path = AppDelegate.swift; sourceTree = "<group>"; };
		98F663802559E77E00A30DE0 /* SceneDelegate.swift */ = {isa = PBXFileReference; lastKnownFileType = sourcecode.swift; path = SceneDelegate.swift; sourceTree = "<group>"; };
		98F663822559E77E00A30DE0 /* ViewController.swift */ = {isa = PBXFileReference; lastKnownFileType = sourcecode.swift; path = ViewController.swift; sourceTree = "<group>"; };
		98F663852559E77E00A30DE0 /* Base */ = {isa = PBXFileReference; lastKnownFileType = file.storyboard; name = Base; path = Base.lproj/Main.storyboard; sourceTree = "<group>"; };
		98F663872559E77F00A30DE0 /* Assets.xcassets */ = {isa = PBXFileReference; lastKnownFileType = folder.assetcatalog; path = Assets.xcassets; sourceTree = "<group>"; };
		98F6638A2559E77F00A30DE0 /* Base */ = {isa = PBXFileReference; lastKnownFileType = file.storyboard; name = Base; path = Base.lproj/LaunchScreen.storyboard; sourceTree = "<group>"; };
		98F6638C2559E77F00A30DE0 /* Info.plist */ = {isa = PBXFileReference; lastKnownFileType = text.plist.xml; path = Info.plist; sourceTree = "<group>"; };
		98F663912559E78000A30DE0 /* testTests.xctest */ = {isa = PBXFileReference; explicitFileType = wrapper.cfbundle; includeInIndex = 0; path = testTests.xctest; sourceTree = BUILT_PRODUCTS_DIR; };
		98F663952559E78000A30DE0 /* testTests.swift */ = {isa = PBXFileReference; lastKnownFileType = sourcecode.swift; path = testTests.swift; sourceTree = "<group>"; };
		98F663972559E78000A30DE0 /* Info.plist */ = {isa = PBXFileReference; lastKnownFileType = text.plist.xml; path = Info.plist; sourceTree = "<group>"; };
		98F6639C2559E78000A30DE0 /* testUITests.xctest */ = {isa = PBXFileReference; explicitFileType = wrapper.cfbundle; includeInIndex = 0; path = testUITests.xctest; sourceTree = BUILT_PRODUCTS_DIR; };
		98F663A02559E78000A30DE0 /* testUITests.swift */ = {isa = PBXFileReference; lastKnownFileType = sourcecode.swift; path = testUITests.swift; sourceTree = "<group>"; };
		98F663A22559E78000A30DE0 /* Info.plist */ = {isa = PBXFileReference; lastKnownFileType = text.plist.xml; path = Info.plist; sourceTree = "<group>"; };
		98F663B22559E7DE00A30DE0 /* Alamofire.framework */ = {isa = PBXFileReference; lastKnownFileType = wrapper.framework; name = Alamofire.framework; path = Carthage/Build/iOS/Alamofire.framework; sourceTree = "<group>"; };
/* End PBXFileReference section */

/* Begin PBXFrameworksBuildPhase section */
		98F663782559E77E00A30DE0 /* Frameworks */ = {
			isa = PBXFrameworksBuildPhase;
			buildActionMask = 2147483647;
			files = (
				98F663B32559E7DE00A30DE0 /* Alamofire.framework in Frameworks */,
			);
			runOnlyForDeploymentPostprocessing = 0;
		};
		98F6638E2559E78000A30DE0 /* Frameworks */ = {
			isa = PBXFrameworksBuildPhase;
			buildActionMask = 2147483647;
			files = (
			);
			runOnlyForDeploymentPostprocessing = 0;
		};
		98F663992559E78000A30DE0 /* Frameworks */ = {
			isa = PBXFrameworksBuildPhase;
			buildActionMask = 2147483647;
			files = (
			);
			runOnlyForDeploymentPostprocessing = 0;
		};
/* End PBXFrameworksBuildPhase section */

/* Begin PBXGroup section */
		98F663722559E77E00A30DE0 = {
			isa = PBXGroup;
			children = (
				98F6637D2559E77E00A30DE0 /* test */,
				98F663942559E78000A30DE0 /* testTests */,
				98F6639F2559E78000A30DE0 /* testUITests */,
				98F6637C2559E77E00A30DE0 /* Products */,
				98F663B12559E7DE00A30DE0 /* Frameworks */,
			);
			sourceTree = "<group>";
		};
		98F6637C2559E77E00A30DE0 /* Products */ = {
			isa = PBXGroup;
			children = (
				98F6637B2559E77E00A30DE0 /* test.app */,
				98F663912559E78000A30DE0 /* testTests.xctest */,
				98F6639C2559E78000A30DE0 /* testUITests.xctest */,
			);
			name = Products;
			sourceTree = "<group>";
		};
		98F6637D2559E77E00A30DE0 /* test */ = {
			isa = PBXGroup;
			children = (
				98F6637E2559E77E00A30DE0 /* AppDelegate.swift */,
				98F663802559E77E00A30DE0 /* SceneDelegate.swift */,
				98F663822559E77E00A30DE0 /* ViewController.swift */,
				98F663842559E77E00A30DE0 /* Main.storyboard */,
				98F663872559E77F00A30DE0 /* Assets.xcassets */,
				98F663892559E77F00A30DE0 /* LaunchScreen.storyboard */,
				98F6638C2559E77F00A30DE0 /* Info.plist */,
			);
			path = test;
			sourceTree = "<group>";
		};
		98F663942559E78000A30DE0 /* testTests */ = {
			isa = PBXGroup;
			children = (
				98F663952559E78000A30DE0 /* testTests.swift */,
				98F663972559E78000A30DE0 /* Info.plist */,
			);
			path = testTests;
			sourceTree = "<group>";
		};
		98F6639F2559E78000A30DE0 /* testUITests */ = {
			isa = PBXGroup;
			children = (
				98F663A02559E78000A30DE0 /* testUITests.swift */,
				98F663A22559E78000A30DE0 /* Info.plist */,
			);
			path = testUITests;
			sourceTree = "<group>";
		};
		98F663B12559E7DE00A30DE0 /* Frameworks */ = {
			isa = PBXGroup;
			children = (
				98F663B22559E7DE00A30DE0 /* Alamofire.framework */,
			);
			name = Frameworks;
			sourceTree = "<group>";
		};
/* End PBXGroup section */

/* Begin PBXNativeTarget section */
		98F6637A2559E77E00A30DE0 /* test */ = {
			isa = PBXNativeTarget;
			buildConfigurationList = 98F663A52559E78000A30DE0 /* Build configuration list for PBXNativeTarget "test" */;
			buildPhases = (
				98F663772559E77E00A30DE0 /* Sources */,
				98F663782559E77E00A30DE0 /* Frameworks */,
				98F663792559E77E00A30DE0 /* Resources */,
				98F663B52559E7DE00A30DE0 /* Embed Frameworks */,
				98F663B62559E83500A30DE0 /* ShellScript */,
			);
			buildRules = (
			);
			dependencies = (
			);
			name = test;
			productName = test;
			productReference = 98F6637B2559E77E00A30DE0 /* test.app */;
			productType = "com.apple.product-type.application";
		};
		98F663902559E78000A30DE0 /* testTests */ = {
			isa = PBXNativeTarget;
			buildConfigurationList = 98F663A82559E78000A30DE0 /* Build configuration list for PBXNativeTarget "testTests" */;
			buildPhases = (
				98F6638D2559E78000A30DE0 /* Sources */,
				98F6638E2559E78000A30DE0 /* Frameworks */,
				98F6638F2559E78000A30DE0 /* Resources */,
			);
			buildRules = (
			);
			dependencies = (
				98F663932559E78000A30DE0 /* PBXTargetDependency */,
			);
			name = testTests;
			productName = testTests;
			productReference = 98F663912559E78000A30DE0 /* testTests.xctest */;
			productType = "com.apple.product-type.bundle.unit-test";
		};
		98F6639B2559E78000A30DE0 /* testUITests */ = {
			isa = PBXNativeTarget;
			buildConfigurationList = 98F663AB2559E78000A30DE0 /* Build configuration list for PBXNativeTarget "testUITests" */;
			buildPhases = (
				98F663982559E78000A30DE0 /* Sources */,
				98F663992559E78000A30DE0 /* Frameworks */,
				98F6639A2559E78000A30DE0 /* Resources */,
			);
			buildRules = (
			);
			dependencies = (
				98F6639E2559E78000A30DE0 /* PBXTargetDependency */,
			);
			name = testUITests;
			productName = testUITests;
			productReference = 98F6639C2559E78000A30DE0 /* testUITests.xctest */;
			productType = "com.apple.product-type.bundle.ui-testing";
		};
/* End PBXNativeTarget section */

/* Begin PBXProject section */
		98F663732559E77E00A30DE0 /* Project object */ = {
			isa = PBXProject;
			attributes = {
				LastSwiftUpdateCheck = 1200;
				LastUpgradeCheck = 1200;
				TargetAttributes = {
					98F6637A2559E77E00A30DE0 = {
						CreatedOnToolsVersion = 12.0.1;
					};
					98F663902559E78000A30DE0 = {
						CreatedOnToolsVersion = 12.0.1;
						TestTargetID = 98F6637A2559E77E00A30DE0;
					};
					98F6639B2559E78000A30DE0 = {
						CreatedOnToolsVersion = 12.0.1;
						TestTargetID = 98F6637A2559E77E00A30DE0;
					};
				};
			};
			buildConfigurationList = 98F663762559E77E00A30DE0 /* Build configuration list for PBXProject "test" */;
			compatibilityVersion = "Xcode 9.3";
			developmentRegion = en;
			hasScannedForEncodings = 0;
			knownRegions = (
				en,
				Base,
			);
			mainGroup = 98F663722559E77E00A30DE0;
			productRefGroup = 98F6637C2559E77E00A30DE0 /* Products */;
			projectDirPath = "";
			projectRoot = "";
			targets = (
				98F6637A2559E77E00A30DE0 /* test */,
				98F663902559E78000A30DE0 /* testTests */,
				98F6639B2559E78000A30DE0 /* testUITests */,
			);
		};
/* End PBXProject section */

/* Begin PBXResourcesBuildPhase section */
		98F663792559E77E00A30DE0 /* Resources */ = {
			isa = PBXResourcesBuildPhase;
			buildActionMask = 2147483647;
			files = (
				98F6638B2559E77F00A30DE0 /* LaunchScreen.storyboard in Resources */,
				98F663882559E77F00A30DE0 /* Assets.xcassets in Resources */,
				98F663862559E77E00A30DE0 /* Main.storyboard in Resources */,
			);
			runOnlyForDeploymentPostprocessing = 0;
		};
		98F6638F2559E78000A30DE0 /* Resources */ = {
			isa = PBXResourcesBuildPhase;
			buildActionMask = 2147483647;
			files = (
			);
			runOnlyForDeploymentPostprocessing = 0;
		};
		98F6639A2559E78000A30DE0 /* Resources */ = {
			isa = PBXResourcesBuildPhase;
			buildActionMask = 2147483647;
			files = (
			);
			runOnlyForDeploymentPostprocessing = 0;
		};
/* End PBXResourcesBuildPhase section */

/* Begin PBXShellScriptBuildPhase section */
		98F663B62559E83500A30DE0 /* ShellScript */ = {
			isa = PBXShellScriptBuildPhase;
			buildActionMask = 2147483647;
			files = (
			);
			inputFileListPaths = (
			);
			inputPaths = (
				"$(SRCROOT)/Carthage/Build/IOS/Alamofire.framework",
			);
			outputFileListPaths = (
			);
			outputPaths = (
			);
			runOnlyForDeploymentPostprocessing = 0;
			shellPath = /bin/sh;
			shellScript = "/usr/local/bin/carthage copy-frameworks\n";
		};
/* End PBXShellScriptBuildPhase section */

/* Begin PBXSourcesBuildPhase section */
		98F663772559E77E00A30DE0 /* Sources */ = {
			isa = PBXSourcesBuildPhase;
			buildActionMask = 2147483647;
			files = (
				98F663832559E77E00A30DE0 /* ViewController.swift in Sources */,
				98F6637F2559E77E00A30DE0 /* AppDelegate.swift in Sources */,
				98F663812559E77E00A30DE0 /* SceneDelegate.swift in Sources */,
			);
			runOnlyForDeploymentPostprocessing = 0;
		};
		98F6638D2559E78000A30DE0 /* Sources */ = {
			isa = PBXSourcesBuildPhase;
			buildActionMask = 2147483647;
			files = (
				98F663962559E78000A30DE0 /* testTests.swift in Sources */,
			);
			runOnlyForDeploymentPostprocessing = 0;
		};
		98F663982559E78000A30DE0 /* Sources */ = {
			isa = PBXSourcesBuildPhase;
			buildActionMask = 2147483647;
			files = (
				98F663A12559E78000A30DE0 /* testUITests.swift in Sources */,
			);
			runOnlyForDeploymentPostprocessing = 0;
		};
/* End PBXSourcesBuildPhase section */

/* Begin PBXTargetDependency section */
		98F663932559E78000A30DE0 /* PBXTargetDependency */ = {
			isa = PBXTargetDependency;
			target = 98F6637A2559E77E00A30DE0 /* test */;
			targetProxy = 98F663922559E78000A30DE0 /* PBXContainerItemProxy */;
		};
		98F6639E2559E78000A30DE0 /* PBXTargetDependency */ = {
			isa = PBXTargetDependency;
			target = 98F6637A2559E77E00A30DE0 /* test */;
			targetProxy = 98F6639D2559E78000A30DE0 /* PBXContainerItemProxy */;
		};
/* End PBXTargetDependency section */

/* Begin PBXVariantGroup section */
		98F663842559E77E00A30DE0 /* Main.storyboard */ = {
			isa = PBXVariantGroup;
			children = (
				98F663852559E77E00A30DE0 /* Base */,
			);
			name = Main.storyboard;
			sourceTree = "<group>";
		};
		98F663892559E77F00A30DE0 /* LaunchScreen.storyboard */ = {
			isa = PBXVariantGroup;
			children = (
				98F6638A2559E77F00A30DE0 /* Base */,
			);
			name = LaunchScreen.storyboard;
			sourceTree = "<group>";
		};
/* End PBXVariantGroup section */

/* Begin XCBuildConfiguration section */
		98F663A32559E78000A30DE0 /* Debug */ = {
			isa = XCBuildConfiguration;
			buildSettings = {
				ALWAYS_SEARCH_USER_PATHS = NO;
				CLANG_ANALYZER_NONNULL = YES;
				CLANG_ANALYZER_NUMBER_OBJECT_CONVERSION = YES_AGGRESSIVE;
				CLANG_CXX_LANGUAGE_STANDARD = "gnu++14";
				CLANG_CXX_LIBRARY = "libc++";
				CLANG_ENABLE_MODULES = YES;
				CLANG_ENABLE_OBJC_ARC = YES;
				CLANG_ENABLE_OBJC_WEAK = YES;
				CLANG_WARN_BLOCK_CAPTURE_AUTORELEASING = YES;
				CLANG_WARN_BOOL_CONVERSION = YES;
				CLANG_WARN_COMMA = YES;
				CLANG_WARN_CONSTANT_CONVERSION = YES;
				CLANG_WARN_DEPRECATED_OBJC_IMPLEMENTATIONS = YES;
				CLANG_WARN_DIRECT_OBJC_ISA_USAGE = YES_ERROR;
				CLANG_WARN_DOCUMENTATION_COMMENTS = YES;
				CLANG_WARN_EMPTY_BODY = YES;
				CLANG_WARN_ENUM_CONVERSION = YES;
				CLANG_WARN_INFINITE_RECURSION = YES;
				CLANG_WARN_INT_CONVERSION = YES;
				CLANG_WARN_NON_LITERAL_NULL_CONVERSION = YES;
				CLANG_WARN_OBJC_IMPLICIT_RETAIN_SELF = YES;
				CLANG_WARN_OBJC_LITERAL_CONVERSION = YES;
				CLANG_WARN_OBJC_ROOT_CLASS = YES_ERROR;
				CLANG_WARN_QUOTED_INCLUDE_IN_FRAMEWORK_HEADER = YES;
				CLANG_WARN_RANGE_LOOP_ANALYSIS = YES;
				CLANG_WARN_STRICT_PROTOTYPES = YES;
				CLANG_WARN_SUSPICIOUS_MOVE = YES;
				CLANG_WARN_UNGUARDED_AVAILABILITY = YES_AGGRESSIVE;
				CLANG_WARN_UNREACHABLE_CODE = YES;
				CLANG_WARN__DUPLICATE_METHOD_MATCH = YES;
				COPY_PHASE_STRIP = NO;
				DEBUG_INFORMATION_FORMAT = dwarf;
				ENABLE_STRICT_OBJC_MSGSEND = YES;
				ENABLE_TESTABILITY = YES;
				GCC_C_LANGUAGE_STANDARD = gnu11;
				GCC_DYNAMIC_NO_PIC = NO;
				GCC_NO_COMMON_BLOCKS = YES;
				GCC_OPTIMIZATION_LEVEL = 0;
				GCC_PREPROCESSOR_DEFINITIONS = (
					"DEBUG=1",
					"$(inherited)",
				);
				GCC_WARN_64_TO_32_BIT_CONVERSION = YES;
				GCC_WARN_ABOUT_RETURN_TYPE = YES_ERROR;
				GCC_WARN_UNDECLARED_SELECTOR = YES;
				GCC_WARN_UNINITIALIZED_AUTOS = YES_AGGRESSIVE;
				GCC_WARN_UNUSED_FUNCTION = YES;
				GCC_WARN_UNUSED_VARIABLE = YES;
				IPHONEOS_DEPLOYMENT_TARGET = 14.0;
				MTL_ENABLE_DEBUG_INFO = INCLUDE_SOURCE;
				MTL_FAST_MATH = YES;
				ONLY_ACTIVE_ARCH = YES;
				SDKROOT = iphoneos;
				SWIFT_ACTIVE_COMPILATION_CONDITIONS = DEBUG;
				SWIFT_OPTIMIZATION_LEVEL = "-Onone";
			};
			name = Debug;
		};
		98F663A42559E78000A30DE0 /* Release */ = {
			isa = XCBuildConfiguration;
			buildSettings = {
				ALWAYS_SEARCH_USER_PATHS = NO;
				CLANG_ANALYZER_NONNULL = YES;
				CLANG_ANALYZER_NUMBER_OBJECT_CONVERSION = YES_AGGRESSIVE;
				CLANG_CXX_LANGUAGE_STANDARD = "gnu++14";
				CLANG_CXX_LIBRARY = "libc++";
				CLANG_ENABLE_MODULES = YES;
				CLANG_ENABLE_OBJC_ARC = YES;
				CLANG_ENABLE_OBJC_WEAK = YES;
				CLANG_WARN_BLOCK_CAPTURE_AUTORELEASING = YES;
				CLANG_WARN_BOOL_CONVERSION = YES;
				CLANG_WARN_COMMA = YES;
				CLANG_WARN_CONSTANT_CONVERSION = YES;
				CLANG_WARN_DEPRECATED_OBJC_IMPLEMENTATIONS = YES;
				CLANG_WARN_DIRECT_OBJC_ISA_USAGE = YES_ERROR;
				CLANG_WARN_DOCUMENTATION_COMMENTS = YES;
				CLANG_WARN_EMPTY_BODY = YES;
				CLANG_WARN_ENUM_CONVERSION = YES;
				CLANG_WARN_INFINITE_RECURSION = YES;
				CLANG_WARN_INT_CONVERSION = YES;
				CLANG_WARN_NON_LITERAL_NULL_CONVERSION = YES;
				CLANG_WARN_OBJC_IMPLICIT_RETAIN_SELF = YES;
				CLANG_WARN_OBJC_LITERAL_CONVERSION = YES;
				CLANG_WARN_OBJC_ROOT_CLASS = YES_ERROR;
				CLANG_WARN_QUOTED_INCLUDE_IN_FRAMEWORK_HEADER = YES;
				CLANG_WARN_RANGE_LOOP_ANALYSIS = YES;
				CLANG_WARN_STRICT_PROTOTYPES = YES;
				CLANG_WARN_SUSPICIOUS_MOVE = YES;
				CLANG_WARN_UNGUARDED_AVAILABILITY = YES_AGGRESSIVE;
				CLANG_WARN_UNREACHABLE_CODE = YES;
				CLANG_WARN__DUPLICATE_METHOD_MATCH = YES;
				COPY_PHASE_STRIP = NO;
				DEBUG_INFORMATION_FORMAT = "dwarf-with-dsym";
				ENABLE_NS_ASSERTIONS = NO;
				ENABLE_STRICT_OBJC_MSGSEND = YES;
				GCC_C_LANGUAGE_STANDARD = gnu11;
				GCC_NO_COMMON_BLOCKS = YES;
				GCC_WARN_64_TO_32_BIT_CONVERSION = YES;
				GCC_WARN_ABOUT_RETURN_TYPE = YES_ERROR;
				GCC_WARN_UNDECLARED_SELECTOR = YES;
				GCC_WARN_UNINITIALIZED_AUTOS = YES_AGGRESSIVE;
				GCC_WARN_UNUSED_FUNCTION = YES;
				GCC_WARN_UNUSED_VARIABLE = YES;
				IPHONEOS_DEPLOYMENT_TARGET = 14.0;
				MTL_ENABLE_DEBUG_INFO = NO;
				MTL_FAST_MATH = YES;
				SDKROOT = iphoneos;
				SWIFT_COMPILATION_MODE = wholemodule;
				SWIFT_OPTIMIZATION_LEVEL = "-O";
				VALIDATE_PRODUCT = YES;
			};
			name = Release;
		};
		98F663A62559E78000A30DE0 /* Debug */ = {
			isa = XCBuildConfiguration;
			buildSettings = {
				ASSETCATALOG_COMPILER_APPICON_NAME = AppIcon;
				ASSETCATALOG_COMPILER_GLOBAL_ACCENT_COLOR_NAME = AccentColor;
				CODE_SIGN_STYLE = Automatic;
				DEVELOPMENT_TEAM = YTPU4X4DGE;
				FRAMEWORK_SEARCH_PATHS = (
					"$(inherited)",
					"$(PROJECT_DIR)/Carthage/Build/iOS",
				);
				INFOPLIST_FILE = test/Info.plist;
				LD_RUNPATH_SEARCH_PATHS = (
					"$(inherited)",
					"@executable_path/Frameworks",
				);
				PRODUCT_BUNDLE_IDENTIFIER = com.daniilalekseev.test;
				PRODUCT_NAME = "$(TARGET_NAME)";
				SWIFT_VERSION = 5.0;
				TARGETED_DEVICE_FAMILY = "1,2";
			};
			name = Debug;
		};
		98F663A72559E78000A30DE0 /* Release */ = {
			isa = XCBuildConfiguration;
			buildSettings = {
				ASSETCATALOG_COMPILER_APPICON_NAME = AppIcon;
				ASSETCATALOG_COMPILER_GLOBAL_ACCENT_COLOR_NAME = AccentColor;
				CODE_SIGN_STYLE = Automatic;
				DEVELOPMENT_TEAM = YTPU4X4DGE;
				FRAMEWORK_SEARCH_PATHS = (
					"$(inherited)",
					"$(PROJECT_DIR)/Carthage/Build/iOS",
				);
				INFOPLIST_FILE = test/Info.plist;
				LD_RUNPATH_SEARCH_PATHS = (
					"$(inherited)",
					"@executable_path/Frameworks",
				);
				PRODUCT_BUNDLE_IDENTIFIER = com.daniilalekseev.test;
				PRODUCT_NAME = "$(TARGET_NAME)";
				SWIFT_VERSION = 5.0;
				TARGETED_DEVICE_FAMILY = "1,2";
			};
			name = Release;
		};
		98F663A92559E78000A30DE0 /* Debug */ = {
			isa = XCBuildConfiguration;
			buildSettings = {
				ALWAYS_EMBED_SWIFT_STANDARD_LIBRARIES = YES;
				BUNDLE_LOADER = "$(TEST_HOST)";
				CODE_SIGN_STYLE = Automatic;
				DEVELOPMENT_TEAM = YTPU4X4DGE;
				INFOPLIST_FILE = testTests/Info.plist;
				IPHONEOS_DEPLOYMENT_TARGET = 14.0;
				LD_RUNPATH_SEARCH_PATHS = (
					"$(inherited)",
					"@executable_path/Frameworks",
					"@loader_path/Frameworks",
				);
				PRODUCT_BUNDLE_IDENTIFIER = com.daniilalekseev.testTests;
				PRODUCT_NAME = "$(TARGET_NAME)";
				SWIFT_VERSION = 5.0;
				TARGETED_DEVICE_FAMILY = "1,2";
				TEST_HOST = "$(BUILT_PRODUCTS_DIR)/test.app/test";
			};
			name = Debug;
		};
		98F663AA2559E78000A30DE0 /* Release */ = {
			isa = XCBuildConfiguration;
			buildSettings = {
				ALWAYS_EMBED_SWIFT_STANDARD_LIBRARIES = YES;
				BUNDLE_LOADER = "$(TEST_HOST)";
				CODE_SIGN_STYLE = Automatic;
				DEVELOPMENT_TEAM = YTPU4X4DGE;
				INFOPLIST_FILE = testTests/Info.plist;
				IPHONEOS_DEPLOYMENT_TARGET = 14.0;
				LD_RUNPATH_SEARCH_PATHS = (
					"$(inherited)",
					"@executable_path/Frameworks",
					"@loader_path/Frameworks",
				);
				PRODUCT_BUNDLE_IDENTIFIER = com.daniilalekseev.testTests;
				PRODUCT_NAME = "$(TARGET_NAME)";
				SWIFT_VERSION = 5.0;
				TARGETED_DEVICE_FAMILY = "1,2";
				TEST_HOST = "$(BUILT_PRODUCTS_DIR)/test.app/test";
			};
			name = Release;
		};
		98F663AC2559E78000A30DE0 /* Debug */ = {
			isa = XCBuildConfiguration;
			buildSettings = {
				ALWAYS_EMBED_SWIFT_STANDARD_LIBRARIES = YES;
				CODE_SIGN_STYLE = Automatic;
				DEVELOPMENT_TEAM = YTPU4X4DGE;
				INFOPLIST_FILE = testUITests/Info.plist;
				LD_RUNPATH_SEARCH_PATHS = (
					"$(inherited)",
					"@executable_path/Frameworks",
					"@loader_path/Frameworks",
				);
				PRODUCT_BUNDLE_IDENTIFIER = com.daniilalekseev.testUITests;
				PRODUCT_NAME = "$(TARGET_NAME)";
				SWIFT_VERSION = 5.0;
				TARGETED_DEVICE_FAMILY = "1,2";
				TEST_TARGET_NAME = test;
			};
			name = Debug;
		};
		98F663AD2559E78000A30DE0 /* Release */ = {
			isa = XCBuildConfiguration;
			buildSettings = {
				ALWAYS_EMBED_SWIFT_STANDARD_LIBRARIES = YES;
				CODE_SIGN_STYLE = Automatic;
				DEVELOPMENT_TEAM = YTPU4X4DGE;
				INFOPLIST_FILE = testUITests/Info.plist;
				LD_RUNPATH_SEARCH_PATHS = (
					"$(inherited)",
					"@executable_path/Frameworks",
					"@loader_path/Frameworks",
				);
				PRODUCT_BUNDLE_IDENTIFIER = com.daniilalekseev.testUITests;
				PRODUCT_NAME = "$(TARGET_NAME)";
				SWIFT_VERSION = 5.0;
				TARGETED_DEVICE_FAMILY = "1,2";
				TEST_TARGET_NAME = test;
			};
			name = Release;
		};
/* End XCBuildConfiguration section */

/* Begin XCConfigurationList section */
		98F663762559E77E00A30DE0 /* Build configuration list for PBXProject "test" */ = {
			isa = XCConfigurationList;
			buildConfigurations = (
				98F663A32559E78000A30DE0 /* Debug */,
				98F663A42559E78000A30DE0 /* Release */,
			);
			defaultConfigurationIsVisible = 0;
			defaultConfigurationName = Release;
		};
		98F663A52559E78000A30DE0 /* Build configuration list for PBXNativeTarget "test" */ = {
			isa = XCConfigurationList;
			buildConfigurations = (
				98F663A62559E78000A30DE0 /* Debug */,
				98F663A72559E78000A30DE0 /* Release */,
			);
			defaultConfigurationIsVisible = 0;
			defaultConfigurationName = Release;
		};
		98F663A82559E78000A30DE0 /* Build configuration list for PBXNativeTarget "testTests" */ = {
			isa = XCConfigurationList;
			buildConfigurations = (
				98F663A92559E78000A30DE0 /* Debug */,
				98F663AA2559E78000A30DE0 /* Release */,
			);
			defaultConfigurationIsVisible = 0;
			defaultConfigurationName = Release;
		};
		98F663AB2559E78000A30DE0 /* Build configuration list for PBXNativeTarget "testUITests" */ = {
			isa = XCConfigurationList;
			buildConfigurations = (
				98F663AC2559E78000A30DE0 /* Debug */,
				98F663AD2559E78000A30DE0 /* Release */,
			);
			defaultConfigurationIsVisible = 0;
			defaultConfigurationName = Release;
		};
/* End XCConfigurationList section */
	};
	rootObject = 98F663732559E77E00A30DE0 /* Project object */;
}
